
Microsoft Visual Studio Solution File, Format Version 12.00
Project("{FAE04EC0-301F-11D3-BF4B-00C04F79EFBC}") = "TestApi", "TestApi\TestApi.csproj", "{05F9A3B0-43CB-416A-8200-3ABA565A1E59}"
EndProject
Project("{FAE04EC0-301F-11D3-BF4B-00C04F79EFBC}") = "TestApi.FunctionalTests", "TestApi.FunctionalTests\TestApi.FunctionalTests.csproj", "{5310501C-EC77-4DD3-BA87-B75CC52AFBA5}"
EndProject
Global
	GlobalSection(SolutionConfigurationPlatforms) = preSolution
		Debug|Any CPU = Debug|Any CPU
		Release|Any CPU = Release|Any CPU
	EndGlobalSection
	GlobalSection(ProjectConfigurationPlatforms) = postSolution
		{05F9A3B0-43CB-416A-8200-3ABA565A1E59}.Debug|Any CPU.ActiveCfg = Debug|Any CPU
		{05F9A3B0-43CB-416A-8200-3ABA565A1E59}.Debug|Any CPU.Build.0 = Debug|Any CPU
		{05F9A3B0-43CB-416A-8200-3ABA565A1E59}.Release|Any CPU.ActiveCfg = Release|Any CPU
		{05F9A3B0-43CB-416A-8200-3ABA565A1E59}.Release|Any CPU.Build.0 = Release|Any CPU
		{5310501C-EC77-4DD3-BA87-B75CC52AFBA5}.Debug|Any CPU.ActiveCfg = Debug|Any CPU
		{5310501C-EC77-4DD3-BA87-B75CC52AFBA5}.Debug|Any CPU.Build.0 = Debug|Any CPU
		{5310501C-EC77-4DD3-BA87-B75CC52AFBA5}.Release|Any CPU.ActiveCfg = Release|Any CPU
		{5310501C-EC77-4DD3-BA87-B75CC52AFBA5}.Release|Any CPU.Build.0 = Release|Any CPU
	EndGlobalSection
EndGlobal
